<?xml version="1.0" encoding="utf-8"?>
<Project ToolsVersion="4.0" xmlns="http://schemas.microsoft.com/developer/msbuild/2003">
  <ItemGroup>
    <Filter Include="Source Files">
      <UniqueIdentifier>{4FC737F1-C7A5-4376-A066-2A32D752A2FF}</UniqueIdentifier>
      <Extensions>cpp;c;cc;cxx;def;odl;idl;hpj;bat;asm;asmx</Extensions>
    </Filter>
    <Filter Include="Header Files">
      <UniqueIdentifier>{93995380-89BD-4b04-88EB-625FBE52EBFB}</UniqueIdentifier>
      <Extensions>h;hh;hpp;hxx;hm;inl;inc;xsd</Extensions>
    </Filter>
    <Filter Include="Resource Files">
      <UniqueIdentifier>{67DA6AB6-F800-4c08-8B7A-83BB121AAD01}</UniqueIdentifier>
      <Extensions>rc;ico;cur;bmp;dlg;rc2;rct;bin;rgs;gif;jpg;jpeg;jpe;resx;tiff;tif;png;wav;mfcribbon-ms</Extensions>
    </Filter>
  </ItemGroup>
  <ItemGroup>
    <ClInclude Include="include\export.h">
      <Filter>Header Files</Filter>
    </ClInclude>
    <ClInclude Include="include\Objects\Components\Behaviours\ABehaviour.h">
      <Filter>Header Files</Filter>
    </ClInclude>
    <ClInclude Include="include\Objects\Components\Behaviours\Camera.h">
      <Filter>Header Files</Filter>
    </ClInclude>
    <ClInclude Include="include\Objects\Components\Behaviours\Light.h">
      <Filter>Header Files</Filter>
    </ClInclude>
    <ClInclude Include="include\Objects\Components\AComponent.h">
      <Filter>Header Files</Filter>
    </ClInclude>
    <ClInclude Include="include\Objects\Components\Transform.h">
      <Filter>Header Files</Filter>
    </ClInclude>
    <ClInclude Include="include\Objects\AObject.h">
      <Filter>Header Files</Filter>
    </ClInclude>
    <ClInclude Include="include\Objects\GameObject.h">
      <Filter>Header Files</Filter>
    </ClInclude>
    <ClInclude Include="include\Objects\Scene.h">
      <Filter>Header Files</Filter>
    </ClInclude>
    <ClInclude Include="include\Utils\ConfigLoader.h">
      <Filter>Header Files</Filter>
    </ClInclude>
    <ClInclude Include="include\Utils\Date.h">
      <Filter>Header Files</Filter>
    </ClInclude>
    <ClInclude Include="include\Utils\SharedContext.h">
      <Filter>Header Files</Filter>
    </ClInclude>
    <ClInclude Include="include\Objects\Components\Behaviours\ModelRenderer.h">
      <Filter>Header Files</Filter>
    </ClInclude>
    <ClInclude Include="include\Objects\Components\Behaviours\Physics\Rigidbody.h">
      <Filter>Header Files</Filter>
    </ClInclude>
    <ClInclude Include="include\Objects\Components\Behaviours\Physics\ACollider.h">
      <Filter>Header Files</Filter>
    </ClInclude>
    <ClInclude Include="include\Objects\Components\Behaviours\Physics\BoxCollider.h">
      <Filter>Header Files</Filter>
    </ClInclude>
    <ClInclude Include="include\Objects\Components\Behaviours\Physics\SphereCollider.h">
      <Filter>Header Files</Filter>
    </ClInclude>
    <ClInclude Include="include\Context\Device.h">
      <Filter>Header Files</Filter>
    </ClInclude>
    <ClInclude Include="include\Objects\Components\Behaviours\ACustomComponent.h">
      <Filter>Header Files</Filter>
    </ClInclude>
    <ClInclude Include="include\CoreDebug\Assertion.h">
      <Filter>Header Files</Filter>
    </ClInclude>
    <ClInclude Include="include\CoreDebug\Log.h">
      <Filter>Header Files</Filter>
    </ClInclude>
    <ClInclude Include="include\Managers\EngineManager.h">
      <Filter>Header Files</Filter>
    </ClInclude>
    <ClInclude Include="include\Managers\InputManager.h">
      <Filter>Header Files</Filter>
    </ClInclude>
    <ClInclude Include="include\Managers\SceneManager.h">
      <Filter>Header Files</Filter>
    </ClInclude>
    <ClInclude Include="include\Managers\WindowManager.h">
      <Filter>Header Files</Filter>
    </ClInclude>
    <ClInclude Include="include\ElkGameEngine\Context\Device.h">
      <Filter>Header Files</Filter>
    </ClInclude>
    <ClInclude Include="include\ElkGameEngine\Managers\EngineManager.h">
      <Filter>Header Files</Filter>
    </ClInclude>
    <ClInclude Include="include\ElkGameEngine\Managers\InputManager.h">
      <Filter>Header Files</Filter>
    </ClInclude>
    <ClInclude Include="include\ElkGameEngine\Managers\SceneManager.h">
      <Filter>Header Files</Filter>
    </ClInclude>
    <ClInclude Include="include\ElkGameEngine\Managers\WindowManager.h">
      <Filter>Header Files</Filter>
    </ClInclude>
    <ClInclude Include="include\ElkGameEngine\Objects\Components\Behaviours\ABehaviour.h">
      <Filter>Header Files</Filter>
    </ClInclude>
    <ClInclude Include="include\ElkGameEngine\Objects\Components\Behaviours\Camera.h">
      <Filter>Header Files</Filter>
    </ClInclude>
    <ClInclude Include="include\ElkGameEngine\Objects\Components\AComponent.h">
      <Filter>Header Files</Filter>
    </ClInclude>
    <ClInclude Include="include\ElkGameEngine\Objects\Components\Transform.h">
      <Filter>Header Files</Filter>
    </ClInclude>
    <ClInclude Include="include\ElkGameEngine\Objects\AObject.h">
      <Filter>Header Files</Filter>
    </ClInclude>
    <ClInclude Include="include\ElkGameEngine\Objects\GameObject.h">
      <Filter>Header Files</Filter>
    </ClInclude>
    <ClInclude Include="include\ElkGameEngine\Objects\Scene.h">
      <Filter>Header Files</Filter>
    </ClInclude>
    <ClInclude Include="include\ElkGameEngine\export.h">
      <Filter>Header Files</Filter>
    </ClInclude>
    <ClInclude Include="include\ElkGameEngine\ElkGameEngine.h">
      <Filter>Header Files</Filter>
    </ClInclude>
    <ClInclude Include="stdafx.h">
      <Filter>Header Files</Filter>
    </ClInclude>
    <ClInclude Include="include\ElkGameEngine\Objects\Components\Behaviours\Chunk.h">
      <Filter>Header Files</Filter>
    </ClInclude>
    <ClInclude Include="include\ElkGameEngine\Objects\Components\Behaviours\Sprite.h">
      <Filter>Header Files</Filter>
    </ClInclude>
    <ClInclude Include="include\ElkGameEngine\Objects\Components\Behaviours\UICamera.h">
      <Filter>Header Files</Filter>
    </ClInclude>
    <ClInclude Include="include\ElkGameEngine\Objects\Components\Behaviours\AButton.h">
      <Filter>Header Files</Filter>
    </ClInclude>
    <ClInclude Include="include\ElkGameEngine\Objects\Components\Behaviours\AudioListener.h">
      <Filter>Header Files</Filter>
    </ClInclude>
    <ClInclude Include="include\ElkGameEngine\Objects\Components\Behaviours\Rigidbody.h">
      <Filter>Header Files</Filter>
    </ClInclude>
    <ClInclude Include="include\ElkGameEngine\Objects\Components\Behaviours\Text.h">
      <Filter>Header Files</Filter>
    </ClInclude>
  </ItemGroup>
  <ItemGroup>
    <ClCompile Include="src\Objects\Components\Behaviours\ABehaviour.cpp">
      <Filter>Source Files</Filter>
    </ClCompile>
    <ClCompile Include="src\Objects\Components\Behaviours\Camera.cpp">
      <Filter>Source Files</Filter>
    </ClCompile>
    <ClCompile Include="src\Objects\Components\AComponent.cpp">
      <Filter>Source Files</Filter>
    </ClCompile>
    <ClCompile Include="src\Objects\Components\Transform.cpp">
      <Filter>Source Files</Filter>
    </ClCompile>
    <ClCompile Include="src\Objects\AObject.cpp">
      <Filter>Source Files</Filter>
    </ClCompile>
    <ClCompile Include="src\Objects\GameObject.cpp">
      <Filter>Source Files</Filter>
    </ClCompile>
    <ClCompile Include="src\Objects\Scene.cpp">
      <Filter>Source Files</Filter>
    </ClCompile>
    <ClCompile Include="src\Context\Device.cpp">
      <Filter>Source Files</Filter>
    </ClCompile>
    <ClCompile Include="src\Managers\EngineManager.cpp">
      <Filter>Source Files</Filter>
    </ClCompile>
    <ClCompile Include="src\Managers\InputManager.cpp">
      <Filter>Source Files</Filter>
    </ClCompile>
    <ClCompile Include="src\Managers\SceneManager.cpp">
      <Filter>Source Files</Filter>
    </ClCompile>
    <ClCompile Include="src\Managers\WindowManager.cpp">
      <Filter>Source Files</Filter>
    </ClCompile>
    <ClCompile Include="stdafx.cpp">
      <Filter>Source Files</Filter>
    </ClCompile>
    <ClCompile Include="src\Objects\Components\Behaviours\Chunk.cpp">
      <Filter>Source Files</Filter>
    </ClCompile>
    <ClCompile Include="src\Objects\Components\Behaviours\Sprite.cpp">
      <Filter>Source Files</Filter>
    </ClCompile>
    <ClCompile Include="src\Objects\Components\Behaviours\UICamera.cpp">
      <Filter>Source Files</Filter>
    </ClCompile>
    <ClCompile Include="src\Objects\Components\Behaviours\AButton.cpp">
      <Filter>Source Files</Filter>
    </ClCompile>
    <ClCompile Include="src\Objects\Components\Behaviours\AudioListener.cpp">
      <Filter>Source Files</Filter>
    </ClCompile>
    <ClCompile Include="src\Objects\Components\Behaviours\Rigidbody.cpp">
      <Filter>Source Files</Filter>
    </ClCompile>
    <ClCompile Include="src\Objects\Components\Behaviours\Text.cpp">
      <Filter>Source Files</Filter>
    </ClCompile>
  </ItemGroup>
</Project>